PackratFormat: 1.4
PackratVersion: 0.4.2.1
RVersion: 3.1.2
Repos: CRAN=http://cran.rstudio.com

Package: R6
Source: CRAN
Version: 2.0.1

Package: RCurl
Source: CRAN
Version: 1.95-4.5
Requires: bitops
Hash: 1187c1ea73013abf25f362a7e6da1046

Package: Rcpp
Source: CRAN
Version: 0.11.3
Hash: d9cc0a13885961b2d004cf73b0fb68dd

Package: bitops
Source: CRAN
Version: 1.0-6
Hash: cb26464a8321628636b547518994c931

Package: brew
Source: CRAN
Version: 1.0-6
Hash: 9d92cc5ac60123fdb7b0daa3ae83bf99

Package: devtools
Source: github
Version: 1.7.0.9000
Requires: RCurl, digest, evaluate, httr, jsonlite, memoise, roxygen2,
    rstudioapi, whisker
Hash: 4d0964a1cb5b3371f3b5e3628cede3a979f36c90
GithubRepo: devtools
GithubUsername: hadley
GithubRef: master
GithubSha1: 4d0964a1cb5b3371f3b5e3628cede3a979f36c90

Package: digest
Source: CRAN
Version: 0.6.8
Hash: 89dc4c8734dad5322bb3c5c2af09056f

Package: evaluate
Source: CRAN
Version: 0.5.5
Requires: stringr
Hash: 20881970e590ee68de97a468694db7b0

Package: httr
Source: CRAN
Version: 0.6.1
Requires: R6, RCurl, digest, jsonlite, mime, stringr

Package: jsonlite
Source: CRAN
Version: 0.9.14
Hash: 1e949c7f0f926734e2ff498eddb2309a

Package: memoise
Source: CRAN
Version: 0.2.1
Requires: digest
Hash: fc52fa39dfd216c44d64812ff31b1c67

Package: mime
Source: CRAN
Version: 0.2

Package: packrat
Source: CRAN
Version: 0.4.2-1
Hash: 085f944cec9b56e8a280222b5174c76e

Package: roxygen2
Source: CRAN
Version: 4.1.0
Requires: Rcpp, brew, digest, stringr
Hash: c3feaf4b9f8559778533f00763fad38f

Package: rstudioapi
Source: CRAN
Version: 0.2
Hash: aa27b6b62b335717db16cb1de6336860

Package: stringr
Source: CRAN
Version: 0.6.2
Hash: cdde0cfa0f52cffeaca23a11a3899779

Package: whisker
Source: CRAN
Version: 0.3-2
Hash: 186ab2937fec1694c8a63009a2389c4e
